// !$*UTF8*$!
{
	archiveVersion = 1;
	classes = {
	};
	objectVersion = 51;
	objects = {

/* Begin PBXBuildFile section */
		2D36F02175019D2306DE51DB /* Pods_RxSwift_Study_RxSwift_StudyUITests.framework in Frameworks */ = {isa = PBXBuildFile; fileRef = 31410ED0720A1A4007F05951 /* Pods_RxSwift_Study_RxSwift_StudyUITests.framework */; };
		47EAD50FBE440C18E263AF21 /* Pods_RxSwift_Study.framework in Frameworks */ = {isa = PBXBuildFile; fileRef = EA7C2FAC21C760AE09F94E75 /* Pods_RxSwift_Study.framework */; };
		5770FAB125C58E8100678132 /* AppDelegate.swift in Sources */ = {isa = PBXBuildFile; fileRef = 5770FAB025C58E8100678132 /* AppDelegate.swift */; };
		5770FAB325C58E8100678132 /* SceneDelegate.swift in Sources */ = {isa = PBXBuildFile; fileRef = 5770FAB225C58E8100678132 /* SceneDelegate.swift */; };
		5770FAB525C58E8100678132 /* ViewController.swift in Sources */ = {isa = PBXBuildFile; fileRef = 5770FAB425C58E8100678132 /* ViewController.swift */; };
		5770FAB825C58E8100678132 /* Main.storyboard in Resources */ = {isa = PBXBuildFile; fileRef = 5770FAB625C58E8100678132 /* Main.storyboard */; };
		5770FABA25C58E8200678132 /* Assets.xcassets in Resources */ = {isa = PBXBuildFile; fileRef = 5770FAB925C58E8200678132 /* Assets.xcassets */; };
		5770FABD25C58E8200678132 /* LaunchScreen.storyboard in Resources */ = {isa = PBXBuildFile; fileRef = 5770FABB25C58E8200678132 /* LaunchScreen.storyboard */; };
		5770FAC825C58E8200678132 /* RxSwift_StudyTests.swift in Sources */ = {isa = PBXBuildFile; fileRef = 5770FAC725C58E8200678132 /* RxSwift_StudyTests.swift */; };
		5770FAD325C58E8200678132 /* RxSwift_StudyUITests.swift in Sources */ = {isa = PBXBuildFile; fileRef = 5770FAD225C58E8200678132 /* RxSwift_StudyUITests.swift */; };
		69A47B6AE48C15EB2160D185 /* Pods_RxSwift_StudyTests.framework in Frameworks */ = {isa = PBXBuildFile; fileRef = 0C41E63946940B2880D3BDDF /* Pods_RxSwift_StudyTests.framework */; };
/* End PBXBuildFile section */

/* Begin PBXContainerItemProxy section */
		5770FAC425C58E8200678132 /* PBXContainerItemProxy */ = {
			isa = PBXContainerItemProxy;
			containerPortal = 5770FAA525C58E8100678132 /* Project object */;
			proxyType = 1;
			remoteGlobalIDString = 5770FAAC25C58E8100678132;
			remoteInfo = RxSwift_Study;
		};
		5770FACF25C58E8200678132 /* PBXContainerItemProxy */ = {
			isa = PBXContainerItemProxy;
			containerPortal = 5770FAA525C58E8100678132 /* Project object */;
			proxyType = 1;
			remoteGlobalIDString = 5770FAAC25C58E8100678132;
			remoteInfo = RxSwift_Study;
		};
/* End PBXContainerItemProxy section */

/* Begin PBXFileReference section */
		0C41E63946940B2880D3BDDF /* Pods_RxSwift_StudyTests.framework */ = {isa = PBXFileReference; explicitFileType = wrapper.framework; includeInIndex = 0; path = Pods_RxSwift_StudyTests.framework; sourceTree = BUILT_PRODUCTS_DIR; };
		31410ED0720A1A4007F05951 /* Pods_RxSwift_Study_RxSwift_StudyUITests.framework */ = {isa = PBXFileReference; explicitFileType = wrapper.framework; includeInIndex = 0; path = Pods_RxSwift_Study_RxSwift_StudyUITests.framework; sourceTree = BUILT_PRODUCTS_DIR; };
		5770FAAD25C58E8100678132 /* RxSwift_Study.app */ = {isa = PBXFileReference; explicitFileType = wrapper.application; includeInIndex = 0; path = RxSwift_Study.app; sourceTree = BUILT_PRODUCTS_DIR; };
		5770FAB025C58E8100678132 /* AppDelegate.swift */ = {isa = PBXFileReference; lastKnownFileType = sourcecode.swift; path = AppDelegate.swift; sourceTree = "<group>"; };
		5770FAB225C58E8100678132 /* SceneDelegate.swift */ = {isa = PBXFileReference; lastKnownFileType = sourcecode.swift; path = SceneDelegate.swift; sourceTree = "<group>"; };
		5770FAB425C58E8100678132 /* ViewController.swift */ = {isa = PBXFileReference; lastKnownFileType = sourcecode.swift; path = ViewController.swift; sourceTree = "<group>"; };
		5770FAB725C58E8100678132 /* Base */ = {isa = PBXFileReference; lastKnownFileType = file.storyboard; name = Base; path = Base.lproj/Main.storyboard; sourceTree = "<group>"; };
		5770FAB925C58E8200678132 /* Assets.xcassets */ = {isa = PBXFileReference; lastKnownFileType = folder.assetcatalog; path = Assets.xcassets; sourceTree = "<group>"; };
		5770FABC25C58E8200678132 /* Base */ = {isa = PBXFileReference; lastKnownFileType = file.storyboard; name = Base; path = Base.lproj/LaunchScreen.storyboard; sourceTree = "<group>"; };
		5770FABE25C58E8200678132 /* Info.plist */ = {isa = PBXFileReference; lastKnownFileType = text.plist.xml; path = Info.plist; sourceTree = "<group>"; };
		5770FAC325C58E8200678132 /* RxSwift_StudyTests.xctest */ = {isa = PBXFileReference; explicitFileType = wrapper.cfbundle; includeInIndex = 0; path = RxSwift_StudyTests.xctest; sourceTree = BUILT_PRODUCTS_DIR; };
		5770FAC725C58E8200678132 /* RxSwift_StudyTests.swift */ = {isa = PBXFileReference; lastKnownFileType = sourcecode.swift; path = RxSwift_StudyTests.swift; sourceTree = "<group>"; };
		5770FAC925C58E8200678132 /* Info.plist */ = {isa = PBXFileReference; lastKnownFileType = text.plist.xml; path = Info.plist; sourceTree = "<group>"; };
		5770FACE25C58E8200678132 /* RxSwift_StudyUITests.xctest */ = {isa = PBXFileReference; explicitFileType = wrapper.cfbundle; includeInIndex = 0; path = RxSwift_StudyUITests.xctest; sourceTree = BUILT_PRODUCTS_DIR; };
		5770FAD225C58E8200678132 /* RxSwift_StudyUITests.swift */ = {isa = PBXFileReference; lastKnownFileType = sourcecode.swift; path = RxSwift_StudyUITests.swift; sourceTree = "<group>"; };
		5770FAD425C58E8200678132 /* Info.plist */ = {isa = PBXFileReference; lastKnownFileType = text.plist.xml; path = Info.plist; sourceTree = "<group>"; };
		5770FAFF25C59E6700678132 /* RxSwiftExamples.playground */ = {isa = PBXFileReference; lastKnownFileType = file.playground; path = RxSwiftExamples.playground; sourceTree = "<group>"; xcLanguageSpecificationIdentifier = xcode.lang.swift; };
		627AD8F116A63064B9F087D9 /* Pods-RxSwift_StudyTests.release.xcconfig */ = {isa = PBXFileReference; includeInIndex = 1; lastKnownFileType = text.xcconfig; name = "Pods-RxSwift_StudyTests.release.xcconfig"; path = "Target Support Files/Pods-RxSwift_StudyTests/Pods-RxSwift_StudyTests.release.xcconfig"; sourceTree = "<group>"; };
		65D2C67E6CD901232CDA9B1F /* Pods-RxSwift_Study.release.xcconfig */ = {isa = PBXFileReference; includeInIndex = 1; lastKnownFileType = text.xcconfig; name = "Pods-RxSwift_Study.release.xcconfig"; path = "Target Support Files/Pods-RxSwift_Study/Pods-RxSwift_Study.release.xcconfig"; sourceTree = "<group>"; };
		7619FB9472C688A612F91A75 /* Pods-RxSwift_StudyTests.debug.xcconfig */ = {isa = PBXFileReference; includeInIndex = 1; lastKnownFileType = text.xcconfig; name = "Pods-RxSwift_StudyTests.debug.xcconfig"; path = "Target Support Files/Pods-RxSwift_StudyTests/Pods-RxSwift_StudyTests.debug.xcconfig"; sourceTree = "<group>"; };
		9119CBDD5A6C71A35EFA5411 /* Pods-RxSwift_Study-RxSwift_StudyUITests.release.xcconfig */ = {isa = PBXFileReference; includeInIndex = 1; lastKnownFileType = text.xcconfig; name = "Pods-RxSwift_Study-RxSwift_StudyUITests.release.xcconfig"; path = "Target Support Files/Pods-RxSwift_Study-RxSwift_StudyUITests/Pods-RxSwift_Study-RxSwift_StudyUITests.release.xcconfig"; sourceTree = "<group>"; };
		DFD72ED30500B861B34D5930 /* Pods-RxSwift_Study-RxSwift_StudyUITests.debug.xcconfig */ = {isa = PBXFileReference; includeInIndex = 1; lastKnownFileType = text.xcconfig; name = "Pods-RxSwift_Study-RxSwift_StudyUITests.debug.xcconfig"; path = "Target Support Files/Pods-RxSwift_Study-RxSwift_StudyUITests/Pods-RxSwift_Study-RxSwift_StudyUITests.debug.xcconfig"; sourceTree = "<group>"; };
		EA7C2FAC21C760AE09F94E75 /* Pods_RxSwift_Study.framework */ = {isa = PBXFileReference; explicitFileType = wrapper.framework; includeInIndex = 0; path = Pods_RxSwift_Study.framework; sourceTree = BUILT_PRODUCTS_DIR; };
		F9A3BB2FB530D68EE2F81B2A /* Pods-RxSwift_Study.debug.xcconfig */ = {isa = PBXFileReference; includeInIndex = 1; lastKnownFileType = text.xcconfig; name = "Pods-RxSwift_Study.debug.xcconfig"; path = "Target Support Files/Pods-RxSwift_Study/Pods-RxSwift_Study.debug.xcconfig"; sourceTree = "<group>"; };
/* End PBXFileReference section */

/* Begin PBXFrameworksBuildPhase section */
		5770FAAA25C58E8100678132 /* Frameworks */ = {
			isa = PBXFrameworksBuildPhase;
			buildActionMask = 2147483647;
			files = (
				47EAD50FBE440C18E263AF21 /* Pods_RxSwift_Study.framework in Frameworks */,
			);
			runOnlyForDeploymentPostprocessing = 0;
		};
		5770FAC025C58E8200678132 /* Frameworks */ = {
			isa = PBXFrameworksBuildPhase;
			buildActionMask = 2147483647;
			files = (
				69A47B6AE48C15EB2160D185 /* Pods_RxSwift_StudyTests.framework in Frameworks */,
			);
			runOnlyForDeploymentPostprocessing = 0;
		};
		5770FACB25C58E8200678132 /* Frameworks */ = {
			isa = PBXFrameworksBuildPhase;
			buildActionMask = 2147483647;
			files = (
				2D36F02175019D2306DE51DB /* Pods_RxSwift_Study_RxSwift_StudyUITests.framework in Frameworks */,
			);
			runOnlyForDeploymentPostprocessing = 0;
		};
/* End PBXFrameworksBuildPhase section */

/* Begin PBXGroup section */
		1A33EB2413B3A205229C4557 /* Pods */ = {
			isa = PBXGroup;
			children = (
				F9A3BB2FB530D68EE2F81B2A /* Pods-RxSwift_Study.debug.xcconfig */,
				65D2C67E6CD901232CDA9B1F /* Pods-RxSwift_Study.release.xcconfig */,
				DFD72ED30500B861B34D5930 /* Pods-RxSwift_Study-RxSwift_StudyUITests.debug.xcconfig */,
				9119CBDD5A6C71A35EFA5411 /* Pods-RxSwift_Study-RxSwift_StudyUITests.release.xcconfig */,
				7619FB9472C688A612F91A75 /* Pods-RxSwift_StudyTests.debug.xcconfig */,
				627AD8F116A63064B9F087D9 /* Pods-RxSwift_StudyTests.release.xcconfig */,
			);
			path = Pods;
			sourceTree = "<group>";
		};
		5770FAA425C58E8100678132 = {
			isa = PBXGroup;
			children = (
				5770FAAF25C58E8100678132 /* RxSwift_Study */,
				5770FAC625C58E8200678132 /* RxSwift_StudyTests */,
				5770FAD125C58E8200678132 /* RxSwift_StudyUITests */,
				5770FAAE25C58E8100678132 /* Products */,
				1A33EB2413B3A205229C4557 /* Pods */,
				E8096848D0B3BC31BA0DB69A /* Frameworks */,
			);
			sourceTree = "<group>";
		};
		5770FAAE25C58E8100678132 /* Products */ = {
			isa = PBXGroup;
			children = (
				5770FAAD25C58E8100678132 /* RxSwift_Study.app */,
				5770FAC325C58E8200678132 /* RxSwift_StudyTests.xctest */,
				5770FACE25C58E8200678132 /* RxSwift_StudyUITests.xctest */,
			);
			name = Products;
			sourceTree = "<group>";
		};
		5770FAAF25C58E8100678132 /* RxSwift_Study */ = {
			isa = PBXGroup;
			children = (
				5770FAE325C58ECC00678132 /* Examples */,
				5770FAB025C58E8100678132 /* AppDelegate.swift */,
				5770FAB225C58E8100678132 /* SceneDelegate.swift */,
				5770FAB425C58E8100678132 /* ViewController.swift */,
				5770FAB625C58E8100678132 /* Main.storyboard */,
				5770FAB925C58E8200678132 /* Assets.xcassets */,
				5770FABB25C58E8200678132 /* LaunchScreen.storyboard */,
				5770FABE25C58E8200678132 /* Info.plist */,
			);
			path = RxSwift_Study;
			sourceTree = "<group>";
		};
		5770FAC625C58E8200678132 /* RxSwift_StudyTests */ = {
			isa = PBXGroup;
			children = (
				5770FAC725C58E8200678132 /* RxSwift_StudyTests.swift */,
				5770FAC925C58E8200678132 /* Info.plist */,
			);
			path = RxSwift_StudyTests;
			sourceTree = "<group>";
		};
		5770FAD125C58E8200678132 /* RxSwift_StudyUITests */ = {
			isa = PBXGroup;
			children = (
				5770FAD225C58E8200678132 /* RxSwift_StudyUITests.swift */,
				5770FAD425C58E8200678132 /* Info.plist */,
			);
			path = RxSwift_StudyUITests;
			sourceTree = "<group>";
		};
		5770FAE325C58ECC00678132 /* Examples */ = {
			isa = PBXGroup;
			children = (
				5770FAFF25C59E6700678132 /* RxSwiftExamples.playground */,
			);
			path = Examples;
			sourceTree = "<group>";
		};
		E8096848D0B3BC31BA0DB69A /* Frameworks */ = {
			isa = PBXGroup;
			children = (
				EA7C2FAC21C760AE09F94E75 /* Pods_RxSwift_Study.framework */,
				31410ED0720A1A4007F05951 /* Pods_RxSwift_Study_RxSwift_StudyUITests.framework */,
				0C41E63946940B2880D3BDDF /* Pods_RxSwift_StudyTests.framework */,
			);
			name = Frameworks;
			sourceTree = "<group>";
		};
/* End PBXGroup section */

/* Begin PBXNativeTarget section */
		5770FAAC25C58E8100678132 /* RxSwift_Study */ = {
			isa = PBXNativeTarget;
			buildConfigurationList = 5770FAD725C58E8200678132 /* Build configuration list for PBXNativeTarget "RxSwift_Study" */;
			buildPhases = (
				478FD5B8C1BF31142DF62975 /* [CP] Check Pods Manifest.lock */,
				5770FAA925C58E8100678132 /* Sources */,
				5770FAAA25C58E8100678132 /* Frameworks */,
				5770FAAB25C58E8100678132 /* Resources */,
				8F05BDCBA034D7637B2B3AA3 /* [CP] Embed Pods Frameworks */,
			);
			buildRules = (
			);
			dependencies = (
			);
			name = RxSwift_Study;
			productName = RxSwift_Study;
			productReference = 5770FAAD25C58E8100678132 /* RxSwift_Study.app */;
			productType = "com.apple.product-type.application";
		};
		5770FAC225C58E8200678132 /* RxSwift_StudyTests */ = {
			isa = PBXNativeTarget;
			buildConfigurationList = 5770FADA25C58E8200678132 /* Build configuration list for PBXNativeTarget "RxSwift_StudyTests" */;
			buildPhases = (
				FEBC635C132EAD611D9689D0 /* [CP] Check Pods Manifest.lock */,
				5770FABF25C58E8200678132 /* Sources */,
				5770FAC025C58E8200678132 /* Frameworks */,
				5770FAC125C58E8200678132 /* Resources */,
			);
			buildRules = (
			);
			dependencies = (
				5770FAC525C58E8200678132 /* PBXTargetDependency */,
			);
			name = RxSwift_StudyTests;
			productName = RxSwift_StudyTests;
			productReference = 5770FAC325C58E8200678132 /* RxSwift_StudyTests.xctest */;
			productType = "com.apple.product-type.bundle.unit-test";
		};
		5770FACD25C58E8200678132 /* RxSwift_StudyUITests */ = {
			isa = PBXNativeTarget;
			buildConfigurationList = 5770FADD25C58E8200678132 /* Build configuration list for PBXNativeTarget "RxSwift_StudyUITests" */;
			buildPhases = (
				806FA59D5BCD98E752C6734C /* [CP] Check Pods Manifest.lock */,
				5770FACA25C58E8200678132 /* Sources */,
				5770FACB25C58E8200678132 /* Frameworks */,
				5770FACC25C58E8200678132 /* Resources */,
				D2FD12EE2D1C521627695031 /* [CP] Embed Pods Frameworks */,
			);
			buildRules = (
			);
			dependencies = (
				5770FAD025C58E8200678132 /* PBXTargetDependency */,
			);
			name = RxSwift_StudyUITests;
			productName = RxSwift_StudyUITests;
			productReference = 5770FACE25C58E8200678132 /* RxSwift_StudyUITests.xctest */;
			productType = "com.apple.product-type.bundle.ui-testing";
		};
/* End PBXNativeTarget section */

/* Begin PBXProject section */
		5770FAA525C58E8100678132 /* Project object */ = {
			isa = PBXProject;
			attributes = {
				LastSwiftUpdateCheck = 1240;
				LastUpgradeCheck = 1240;
				TargetAttributes = {
					5770FAAC25C58E8100678132 = {
						CreatedOnToolsVersion = 12.4;
					};
					5770FAC225C58E8200678132 = {
						CreatedOnToolsVersion = 12.4;
						TestTargetID = 5770FAAC25C58E8100678132;
					};
					5770FACD25C58E8200678132 = {
						CreatedOnToolsVersion = 12.4;
						TestTargetID = 5770FAAC25C58E8100678132;
					};
				};
			};
			buildConfigurationList = 5770FAA825C58E8100678132 /* Build configuration list for PBXProject "RxSwift_Study" */;
			compatibilityVersion = "Xcode 9.3";
			developmentRegion = en;
			hasScannedForEncodings = 0;
			knownRegions = (
				en,
				Base,
			);
			mainGroup = 5770FAA425C58E8100678132;
			productRefGroup = 5770FAAE25C58E8100678132 /* Products */;
			projectDirPath = "";
			projectRoot = "";
			targets = (
				5770FAAC25C58E8100678132 /* RxSwift_Study */,
				5770FAC225C58E8200678132 /* RxSwift_StudyTests */,
				5770FACD25C58E8200678132 /* RxSwift_StudyUITests */,
			);
		};
/* End PBXProject section */

/* Begin PBXResourcesBuildPhase section */
		5770FAAB25C58E8100678132 /* Resources */ = {
			isa = PBXResourcesBuildPhase;
			buildActionMask = 2147483647;
			files = (
				5770FABD25C58E8200678132 /* LaunchScreen.storyboard in Resources */,
				5770FABA25C58E8200678132 /* Assets.xcassets in Resources */,
				5770FAB825C58E8100678132 /* Main.storyboard in Resources */,
			);
			runOnlyForDeploymentPostprocessing = 0;
		};
		5770FAC125C58E8200678132 /* Resources */ = {
			isa = PBXResourcesBuildPhase;
			buildActionMask = 2147483647;
			files = (
			);
			runOnlyForDeploymentPostprocessing = 0;
		};
		5770FACC25C58E8200678132 /* Resources */ = {
			isa = PBXResourcesBuildPhase;
			buildActionMask = 2147483647;
			files = (
			);
			runOnlyForDeploymentPostprocessing = 0;
		};
/* End PBXResourcesBuildPhase section */

/* Begin PBXShellScriptBuildPhase section */
		478FD5B8C1BF31142DF62975 /* [CP] Check Pods Manifest.lock */ = {
			isa = PBXShellScriptBuildPhase;
			buildActionMask = 2147483647;
			files = (
			);
			inputFileListPaths = (
			);
			inputPaths = (
				"${PODS_PODFILE_DIR_PATH}/Podfile.lock",
				"${PODS_ROOT}/Manifest.lock",
			);
			name = "[CP] Check Pods Manifest.lock";
			outputFileListPaths = (
			);
			outputPaths = (
				"$(DERIVED_FILE_DIR)/Pods-RxSwift_Study-checkManifestLockResult.txt",
			);
			runOnlyForDeploymentPostprocessing = 0;
			shellPath = /bin/sh;
			shellScript = "diff \"${PODS_PODFILE_DIR_PATH}/Podfile.lock\" \"${PODS_ROOT}/Manifest.lock\" > /dev/null\nif [ $? != 0 ] ; then\n    # print error to STDERR\n    echo \"error: The sandbox is not in sync with the Podfile.lock. Run 'pod install' or update your CocoaPods installation.\" >&2\n    exit 1\nfi\n# This output is used by Xcode 'outputs' to avoid re-running this script phase.\necho \"SUCCESS\" > \"${SCRIPT_OUTPUT_FILE_0}\"\n";
			showEnvVarsInLog = 0;
		};
		806FA59D5BCD98E752C6734C /* [CP] Check Pods Manifest.lock */ = {
			isa = PBXShellScriptBuildPhase;
			buildActionMask = 2147483647;
			files = (
			);
			inputFileListPaths = (
			);
			inputPaths = (
				"${PODS_PODFILE_DIR_PATH}/Podfile.lock",
				"${PODS_ROOT}/Manifest.lock",
			);
			name = "[CP] Check Pods Manifest.lock";
			outputFileListPaths = (
			);
			outputPaths = (
				"$(DERIVED_FILE_DIR)/Pods-RxSwift_Study-RxSwift_StudyUITests-checkManifestLockResult.txt",
			);
			runOnlyForDeploymentPostprocessing = 0;
			shellPath = /bin/sh;
			shellScript = "diff \"${PODS_PODFILE_DIR_PATH}/Podfile.lock\" \"${PODS_ROOT}/Manifest.lock\" > /dev/null\nif [ $? != 0 ] ; then\n    # print error to STDERR\n    echo \"error: The sandbox is not in sync with the Podfile.lock. Run 'pod install' or update your CocoaPods installation.\" >&2\n    exit 1\nfi\n# This output is used by Xcode 'outputs' to avoid re-running this script phase.\necho \"SUCCESS\" > \"${SCRIPT_OUTPUT_FILE_0}\"\n";
			showEnvVarsInLog = 0;
		};
		8F05BDCBA034D7637B2B3AA3 /* [CP] Embed Pods Frameworks */ = {
			isa = PBXShellScriptBuildPhase;
			buildActionMask = 2147483647;
			files = (
			);
			inputFileListPaths = (
				"${PODS_ROOT}/Target Support Files/Pods-RxSwift_Study/Pods-RxSwift_Study-frameworks-${CONFIGURATION}-input-files.xcfilelist",
			);
			name = "[CP] Embed Pods Frameworks";
			outputFileListPaths = (
				"${PODS_ROOT}/Target Support Files/Pods-RxSwift_Study/Pods-RxSwift_Study-frameworks-${CONFIGURATION}-output-files.xcfilelist",
			);
			runOnlyForDeploymentPostprocessing = 0;
			shellPath = /bin/sh;
			shellScript = "\"${PODS_ROOT}/Target Support Files/Pods-RxSwift_Study/Pods-RxSwift_Study-frameworks.sh\"\n";
			showEnvVarsInLog = 0;
		};
		D2FD12EE2D1C521627695031 /* [CP] Embed Pods Frameworks */ = {
			isa = PBXShellScriptBuildPhase;
			buildActionMask = 2147483647;
			files = (
			);
			inputFileListPaths = (
				"${PODS_ROOT}/Target Support Files/Pods-RxSwift_Study-RxSwift_StudyUITests/Pods-RxSwift_Study-RxSwift_StudyUITests-frameworks-${CONFIGURATION}-input-files.xcfilelist",
			);
			name = "[CP] Embed Pods Frameworks";
			outputFileListPaths = (
				"${PODS_ROOT}/Target Support Files/Pods-RxSwift_Study-RxSwift_StudyUITests/Pods-RxSwift_Study-RxSwift_StudyUITests-frameworks-${CONFIGURATION}-output-files.xcfilelist",
			);
			runOnlyForDeploymentPostprocessing = 0;
			shellPath = /bin/sh;
			shellScript = "\"${PODS_ROOT}/Target Support Files/Pods-RxSwift_Study-RxSwift_StudyUITests/Pods-RxSwift_Study-RxSwift_StudyUITests-frameworks.sh\"\n";
			showEnvVarsInLog = 0;
		};
		FEBC635C132EAD611D9689D0 /* [CP] Check Pods Manifest.lock */ = {
			isa = PBXShellScriptBuildPhase;
			buildActionMask = 2147483647;
			files = (
			);
			inputFileListPaths = (
			);
			inputPaths = (
				"${PODS_PODFILE_DIR_PATH}/Podfile.lock",
				"${PODS_ROOT}/Manifest.lock",
			);
			name = "[CP] Check Pods Manifest.lock";
			outputFileListPaths = (
			);
			outputPaths = (
				"$(DERIVED_FILE_DIR)/Pods-RxSwift_StudyTests-checkManifestLockResult.txt",
			);
			runOnlyForDeploymentPostprocessing = 0;
			shellPath = /bin/sh;
			shellScript = "diff \"${PODS_PODFILE_DIR_PATH}/Podfile.lock\" \"${PODS_ROOT}/Manifest.lock\" > /dev/null\nif [ $? != 0 ] ; then\n    # print error to STDERR\n    echo \"error: The sandbox is not in sync with the Podfile.lock. Run 'pod install' or update your CocoaPods installation.\" >&2\n    exit 1\nfi\n# This output is used by Xcode 'outputs' to avoid re-running this script phase.\necho \"SUCCESS\" > \"${SCRIPT_OUTPUT_FILE_0}\"\n";
			showEnvVarsInLog = 0;
		};
/* End PBXShellScriptBuildPhase section */

/* Begin PBXSourcesBuildPhase section */
		5770FAA925C58E8100678132 /* Sources */ = {
			isa = PBXSourcesBuildPhase;
			buildActionMask = 2147483647;
			files = (
				5770FAB525C58E8100678132 /* ViewController.swift in Sources */,
				5770FAB125C58E8100678132 /* AppDelegate.swift in Sources */,
				5770FAB325C58E8100678132 /* SceneDelegate.swift in Sources */,
			);
			runOnlyForDeploymentPostprocessing = 0;
		};
		5770FABF25C58E8200678132 /* Sources */ = {
			isa = PBXSourcesBuildPhase;
			buildActionMask = 2147483647;
			files = (
				5770FAC825C58E8200678132 /* RxSwift_StudyTests.swift in Sources */,
			);
			runOnlyForDeploymentPostprocessing = 0;
		};
		5770FACA25C58E8200678132 /* Sources */ = {
			isa = PBXSourcesBuildPhase;
			buildActionMask = 2147483647;
			files = (
				5770FAD325C58E8200678132 /* RxSwift_StudyUITests.swift in Sources */,
			);
			runOnlyForDeploymentPostprocessing = 0;
		};
/* End PBXSourcesBuildPhase section */

/* Begin PBXTargetDependency section */
		5770FAC525C58E8200678132 /* PBXTargetDependency */ = {
			isa = PBXTargetDependency;
			target = 5770FAAC25C58E8100678132 /* RxSwift_Study */;
			targetProxy = 5770FAC425C58E8200678132 /* PBXContainerItemProxy */;
		};
		5770FAD025C58E8200678132 /* PBXTargetDependency */ = {
			isa = PBXTargetDependency;
			target = 5770FAAC25C58E8100678132 /* RxSwift_Study */;
			targetProxy = 5770FACF25C58E8200678132 /* PBXContainerItemProxy */;
		};
/* End PBXTargetDependency section */

/* Begin PBXVariantGroup section */
		5770FAB625C58E8100678132 /* Main.storyboard */ = {
			isa = PBXVariantGroup;
			children = (
				5770FAB725C58E8100678132 /* Base */,
			);
			name = Main.storyboard;
			sourceTree = "<group>";
		};
		5770FABB25C58E8200678132 /* LaunchScreen.storyboard */ = {
			isa = PBXVariantGroup;
			children = (
				5770FABC25C58E8200678132 /* Base */,
			);
			name = LaunchScreen.storyboard;
			sourceTree = "<group>";
		};
/* End PBXVariantGroup section */

/* Begin XCBuildConfiguration section */
		5770FAD525C58E8200678132 /* Debug */ = {
			isa = XCBuildConfiguration;
			buildSettings = {
				ALWAYS_SEARCH_USER_PATHS = NO;
				CLANG_ANALYZER_NONNULL = YES;
				CLANG_ANALYZER_NUMBER_OBJECT_CONVERSION = YES_AGGRESSIVE;
				CLANG_CXX_LANGUAGE_STANDARD = "gnu++14";
				CLANG_CXX_LIBRARY = "libc++";
				CLANG_ENABLE_MODULES = YES;
				CLANG_ENABLE_OBJC_ARC = YES;
				CLANG_ENABLE_OBJC_WEAK = YES;
				CLANG_WARN_BLOCK_CAPTURE_AUTORELEASING = YES;
				CLANG_WARN_BOOL_CONVERSION = YES;
				CLANG_WARN_COMMA = YES;
				CLANG_WARN_CONSTANT_CONVERSION = YES;
				CLANG_WARN_DEPRECATED_OBJC_IMPLEMENTATIONS = YES;
				CLANG_WARN_DIRECT_OBJC_ISA_USAGE = YES_ERROR;
				CLANG_WARN_DOCUMENTATION_COMMENTS = YES;
				CLANG_WARN_EMPTY_BODY = YES;
				CLANG_WARN_ENUM_CONVERSION = YES;
				CLANG_WARN_INFINITE_RECURSION = YES;
				CLANG_WARN_INT_CONVERSION = YES;
				CLANG_WARN_NON_LITERAL_NULL_CONVERSION = YES;
				CLANG_WARN_OBJC_IMPLICIT_RETAIN_SELF = YES;
				CLANG_WARN_OBJC_LITERAL_CONVERSION = YES;
				CLANG_WARN_OBJC_ROOT_CLASS = YES_ERROR;
				CLANG_WARN_QUOTED_INCLUDE_IN_FRAMEWORK_HEADER = YES;
				CLANG_WARN_RANGE_LOOP_ANALYSIS = YES;
				CLANG_WARN_STRICT_PROTOTYPES = YES;
				CLANG_WARN_SUSPICIOUS_MOVE = YES;
				CLANG_WARN_UNGUARDED_AVAILABILITY = YES_AGGRESSIVE;
				CLANG_WARN_UNREACHABLE_CODE = YES;
				CLANG_WARN__DUPLICATE_METHOD_MATCH = YES;
				COPY_PHASE_STRIP = NO;
				DEBUG_INFORMATION_FORMAT = dwarf;
				ENABLE_STRICT_OBJC_MSGSEND = YES;
				ENABLE_TESTABILITY = YES;
				GCC_C_LANGUAGE_STANDARD = gnu11;
				GCC_DYNAMIC_NO_PIC = NO;
				GCC_NO_COMMON_BLOCKS = YES;
				GCC_OPTIMIZATION_LEVEL = 0;
				GCC_PREPROCESSOR_DEFINITIONS = (
					"DEBUG=1",
					"$(inherited)",
				);
				GCC_WARN_64_TO_32_BIT_CONVERSION = YES;
				GCC_WARN_ABOUT_RETURN_TYPE = YES_ERROR;
				GCC_WARN_UNDECLARED_SELECTOR = YES;
				GCC_WARN_UNINITIALIZED_AUTOS = YES_AGGRESSIVE;
				GCC_WARN_UNUSED_FUNCTION = YES;
				GCC_WARN_UNUSED_VARIABLE = YES;
				IPHONEOS_DEPLOYMENT_TARGET = 14.4;
				MTL_ENABLE_DEBUG_INFO = INCLUDE_SOURCE;
				MTL_FAST_MATH = YES;
				ONLY_ACTIVE_ARCH = YES;
				SDKROOT = iphoneos;
				SWIFT_ACTIVE_COMPILATION_CONDITIONS = DEBUG;
				SWIFT_OPTIMIZATION_LEVEL = "-Onone";
			};
			name = Debug;
		};
		5770FAD625C58E8200678132 /* Release */ = {
			isa = XCBuildConfiguration;
			buildSettings = {
				ALWAYS_SEARCH_USER_PATHS = NO;
				CLANG_ANALYZER_NONNULL = YES;
				CLANG_ANALYZER_NUMBER_OBJECT_CONVERSION = YES_AGGRESSIVE;
				CLANG_CXX_LANGUAGE_STANDARD = "gnu++14";
				CLANG_CXX_LIBRARY = "libc++";
				CLANG_ENABLE_MODULES = YES;
				CLANG_ENABLE_OBJC_ARC = YES;
				CLANG_ENABLE_OBJC_WEAK = YES;
				CLANG_WARN_BLOCK_CAPTURE_AUTORELEASING = YES;
				CLANG_WARN_BOOL_CONVERSION = YES;
				CLANG_WARN_COMMA = YES;
				CLANG_WARN_CONSTANT_CONVERSION = YES;
				CLANG_WARN_DEPRECATED_OBJC_IMPLEMENTATIONS = YES;
				CLANG_WARN_DIRECT_OBJC_ISA_USAGE = YES_ERROR;
				CLANG_WARN_DOCUMENTATION_COMMENTS = YES;
				CLANG_WARN_EMPTY_BODY = YES;
				CLANG_WARN_ENUM_CONVERSION = YES;
				CLANG_WARN_INFINITE_RECURSION = YES;
				CLANG_WARN_INT_CONVERSION = YES;
				CLANG_WARN_NON_LITERAL_NULL_CONVERSION = YES;
				CLANG_WARN_OBJC_IMPLICIT_RETAIN_SELF = YES;
				CLANG_WARN_OBJC_LITERAL_CONVERSION = YES;
				CLANG_WARN_OBJC_ROOT_CLASS = YES_ERROR;
				CLANG_WARN_QUOTED_INCLUDE_IN_FRAMEWORK_HEADER = YES;
				CLANG_WARN_RANGE_LOOP_ANALYSIS = YES;
				CLANG_WARN_STRICT_PROTOTYPES = YES;
				CLANG_WARN_SUSPICIOUS_MOVE = YES;
				CLANG_WARN_UNGUARDED_AVAILABILITY = YES_AGGRESSIVE;
				CLANG_WARN_UNREACHABLE_CODE = YES;
				CLANG_WARN__DUPLICATE_METHOD_MATCH = YES;
				COPY_PHASE_STRIP = NO;
				DEBUG_INFORMATION_FORMAT = "dwarf-with-dsym";
				ENABLE_NS_ASSERTIONS = NO;
				ENABLE_STRICT_OBJC_MSGSEND = YES;
				GCC_C_LANGUAGE_STANDARD = gnu11;
				GCC_NO_COMMON_BLOCKS = YES;
				GCC_WARN_64_TO_32_BIT_CONVERSION = YES;
				GCC_WARN_ABOUT_RETURN_TYPE = YES_ERROR;
				GCC_WARN_UNDECLARED_SELECTOR = YES;
				GCC_WARN_UNINITIALIZED_AUTOS = YES_AGGRESSIVE;
				GCC_WARN_UNUSED_FUNCTION = YES;
				GCC_WARN_UNUSED_VARIABLE = YES;
				IPHONEOS_DEPLOYMENT_TARGET = 14.4;
				MTL_ENABLE_DEBUG_INFO = NO;
				MTL_FAST_MATH = YES;
				SDKROOT = iphoneos;
				SWIFT_COMPILATION_MODE = wholemodule;
				SWIFT_OPTIMIZATION_LEVEL = "-O";
				VALIDATE_PRODUCT = YES;
			};
			name = Release;
		};
		5770FAD825C58E8200678132 /* Debug */ = {
			isa = XCBuildConfiguration;
			baseConfigurationReference = F9A3BB2FB530D68EE2F81B2A /* Pods-RxSwift_Study.debug.xcconfig */;
			buildSettings = {
				ASSETCATALOG_COMPILER_APPICON_NAME = AppIcon;
				ASSETCATALOG_COMPILER_GLOBAL_ACCENT_COLOR_NAME = AccentColor;
				CODE_SIGN_STYLE = Automatic;
				DEVELOPMENT_TEAM = XF39B6752N;
				INFOPLIST_FILE = RxSwift_Study/Info.plist;
				LD_RUNPATH_SEARCH_PATHS = (
					"$(inherited)",
					"@executable_path/Frameworks",
				);
				PRODUCT_BUNDLE_IDENTIFIER = "ru.Shcherbakova.RxSwift-Study";
				PRODUCT_NAME = "$(TARGET_NAME)";
				SWIFT_VERSION = 5.0;
				TARGETED_DEVICE_FAMILY = "1,2";
			};
			name = Debug;
		};
		5770FAD925C58E8200678132 /* Release */ = {
			isa = XCBuildConfiguration;
			baseConfigurationReference = 65D2C67E6CD901232CDA9B1F /* Pods-RxSwift_Study.release.xcconfig */;
			buildSettings = {
				ASSETCATALOG_COMPILER_APPICON_NAME = AppIcon;
				ASSETCATALOG_COMPILER_GLOBAL_ACCENT_COLOR_NAME = AccentColor;
				CODE_SIGN_STYLE = Automatic;
				DEVELOPMENT_TEAM = XF39B6752N;
				INFOPLIST_FILE = RxSwift_Study/Info.plist;
				LD_RUNPATH_SEARCH_PATHS = (
					"$(inherited)",
					"@executable_path/Frameworks",
				);
				PRODUCT_BUNDLE_IDENTIFIER = "ru.Shcherbakova.RxSwift-Study";
				PRODUCT_NAME = "$(TARGET_NAME)";
				SWIFT_VERSION = 5.0;
				TARGETED_DEVICE_FAMILY = "1,2";
			};
			name = Release;
		};
		5770FADB25C58E8200678132 /* Debug */ = {
			isa = XCBuildConfiguration;
			baseConfigurationReference = 7619FB9472C688A612F91A75 /* Pods-RxSwift_StudyTests.debug.xcconfig */;
			buildSettings = {
				ALWAYS_EMBED_SWIFT_STANDARD_LIBRARIES = YES;
				BUNDLE_LOADER = "$(TEST_HOST)";
				CODE_SIGN_STYLE = Automatic;
				DEVELOPMENT_TEAM = XF39B6752N;
				INFOPLIST_FILE = RxSwift_StudyTests/Info.plist;
				IPHONEOS_DEPLOYMENT_TARGET = 14.4;
				LD_RUNPATH_SEARCH_PATHS = (
					"$(inherited)",
					"@executable_path/Frameworks",
					"@loader_path/Frameworks",
				);
				PRODUCT_BUNDLE_IDENTIFIER = "ru.Shcherbakova.RxSwift-StudyTests";
				PRODUCT_NAME = "$(TARGET_NAME)";
				SWIFT_VERSION = 5.0;
				TARGETED_DEVICE_FAMILY = "1,2";
				TEST_HOST = "$(BUILT_PRODUCTS_DIR)/RxSwift_Study.app/RxSwift_Study";
			};
			name = Debug;
		};
		5770FADC25C58E8200678132 /* Release */ = {
			isa = XCBuildConfiguration;
			baseConfigurationReference = 627AD8F116A63064B9F087D9 /* Pods-RxSwift_StudyTests.release.xcconfig */;
			buildSettings = {
				ALWAYS_EMBED_SWIFT_STANDARD_LIBRARIES = YES;
				BUNDLE_LOADER = "$(TEST_HOST)";
				CODE_SIGN_STYLE = Automatic;
				DEVELOPMENT_TEAM = XF39B6752N;
				INFOPLIST_FILE = RxSwift_StudyTests/Info.plist;
				IPHONEOS_DEPLOYMENT_TARGET = 14.4;
				LD_RUNPATH_SEARCH_PATHS = (
					"$(inherited)",
					"@executable_path/Frameworks",
					"@loader_path/Frameworks",
				);
				PRODUCT_BUNDLE_IDENTIFIER = "ru.Shcherbakova.RxSwift-StudyTests";
				PRODUCT_NAME = "$(TARGET_NAME)";
				SWIFT_VERSION = 5.0;
				TARGETED_DEVICE_FAMILY = "1,2";
				TEST_HOST = "$(BUILT_PRODUCTS_DIR)/RxSwift_Study.app/RxSwift_Study";
			};
			name = Release;
		};
		5770FADE25C58E8200678132 /* Debug */ = {
			isa = XCBuildConfiguration;
			baseConfigurationReference = DFD72ED30500B861B34D5930 /* Pods-RxSwift_Study-RxSwift_StudyUITests.debug.xcconfig */;
			buildSettings = {
				ALWAYS_EMBED_SWIFT_STANDARD_LIBRARIES = YES;
				CODE_SIGN_STYLE = Automatic;
				DEVELOPMENT_TEAM = XF39B6752N;
				INFOPLIST_FILE = RxSwift_StudyUITests/Info.plist;
				LD_RUNPATH_SEARCH_PATHS = (
					"$(inherited)",
					"@executable_path/Frameworks",
					"@loader_path/Frameworks",
				);
				PRODUCT_BUNDLE_IDENTIFIER = "ru.Shcherbakova.RxSwift-StudyUITests";
				PRODUCT_NAME = "$(TARGET_NAME)";
				SWIFT_VERSION = 5.0;
				TARGETED_DEVICE_FAMILY = "1,2";
				TEST_TARGET_NAME = RxSwift_Study;
			};
			name = Debug;
		};
		5770FADF25C58E8200678132 /* Release */ = {
			isa = XCBuildConfiguration;
			baseConfigurationReference = 9119CBDD5A6C71A35EFA5411 /* Pods-RxSwift_Study-RxSwift_StudyUITests.release.xcconfig */;
			buildSettings = {
				ALWAYS_EMBED_SWIFT_STANDARD_LIBRARIES = YES;
				CODE_SIGN_STYLE = Automatic;
				DEVELOPMENT_TEAM = XF39B6752N;
				INFOPLIST_FILE = RxSwift_StudyUITests/Info.plist;
				LD_RUNPATH_SEARCH_PATHS = (
					"$(inherited)",
					"@executable_path/Frameworks",
					"@loader_path/Frameworks",
				);
				PRODUCT_BUNDLE_IDENTIFIER = "ru.Shcherbakova.RxSwift-StudyUITests";
				PRODUCT_NAME = "$(TARGET_NAME)";
				SWIFT_VERSION = 5.0;
				TARGETED_DEVICE_FAMILY = "1,2";
				TEST_TARGET_NAME = RxSwift_Study;
			};
			name = Release;
		};
/* End XCBuildConfiguration section */

/* Begin XCConfigurationList section */
		5770FAA825C58E8100678132 /* Build configuration list for PBXProject "RxSwift_Study" */ = {
			isa = XCConfigurationList;
			buildConfigurations = (
				5770FAD525C58E8200678132 /* Debug */,
				5770FAD625C58E8200678132 /* Release */,
			);
			defaultConfigurationIsVisible = 0;
			defaultConfigurationName = Release;
		};
		5770FAD725C58E8200678132 /* Build configuration list for PBXNativeTarget "RxSwift_Study" */ = {
			isa = XCConfigurationList;
			buildConfigurations = (
				5770FAD825C58E8200678132 /* Debug */,
				5770FAD925C58E8200678132 /* Release */,
			);
			defaultConfigurationIsVisible = 0;
			defaultConfigurationName = Release;
		};
		5770FADA25C58E8200678132 /* Build configuration list for PBXNativeTarget "RxSwift_StudyTests" */ = {
			isa = XCConfigurationList;
			buildConfigurations = (
				5770FADB25C58E8200678132 /* Debug */,
				5770FADC25C58E8200678132 /* Release */,
			);
			defaultConfigurationIsVisible = 0;
			defaultConfigurationName = Release;
		};
		5770FADD25C58E8200678132 /* Build configuration list for PBXNativeTarget "RxSwift_StudyUITests" */ = {
			isa = XCConfigurationList;
			buildConfigurations = (
				5770FADE25C58E8200678132 /* Debug */,
				5770FADF25C58E8200678132 /* Release */,
			);
			defaultConfigurationIsVisible = 0;
			defaultConfigurationName = Release;
		};
/* End XCConfigurationList section */
	};
	rootObject = 5770FAA525C58E8100678132 /* Project object */;
}
